
Microsoft Visual Studio Solution File, Format Version 12.00
# Visual Studio Version 16
VisualStudioVersion = 16.0.31829.152
MinimumVisualStudioVersion = 10.0.40219.1
Project("{FAE04EC0-301F-11D3-BF4B-00C04F79EFBC}") = "NetHook.UI", "NetHook.UI\NetHook.UI.csproj", "{10ABC419-6E51-4545-B4E7-DFC0B867AB70}"
EndProject
Project("{FAE04EC0-301F-11D3-BF4B-00C04F79EFBC}") = "NetHook.TestInject", "NetHook.TestInject\NetHook.TestInject.csproj", "{3B6EA78A-3B93-415C-8736-9686AC9B8F22}"
EndProject
Project("{FAE04EC0-301F-11D3-BF4B-00C04F79EFBC}") = "NetHook.Core", "NetHook.Core\NetHook.Core.csproj", "{79C90E47-73F5-40F8-B3F5-25618582DB49}"
EndProject
Project("{FAE04EC0-301F-11D3-BF4B-00C04F79EFBC}") = "NetHook.MSTest", "NetHook.MSTest\NetHook.MSTest.csproj", "{C3D8FAFD-7EB6-4D45-8BC3-736698823C4D}"
EndProject
Project("{FAE04EC0-301F-11D3-BF4B-00C04F79EFBC}") = "ConsoleApp1", "ConsoleApp1\ConsoleApp1.csproj", "{F46C6E84-0DF2-44DD-811B-FB225FA1CE7B}"
EndProject
Global
	GlobalSection(SolutionConfigurationPlatforms) = preSolution
		Debug|Any CPU = Debug|Any CPU
		Debug|x64 = Debug|x64
		Debug|x86 = Debug|x86
		Release|Any CPU = Release|Any CPU
		Release|x64 = Release|x64
		Release|x86 = Release|x86
	EndGlobalSection
	GlobalSection(ProjectConfigurationPlatforms) = postSolution
		{10ABC419-6E51-4545-B4E7-DFC0B867AB70}.Debug|Any CPU.ActiveCfg = Debug|Any CPU
		{10ABC419-6E51-4545-B4E7-DFC0B867AB70}.Debug|Any CPU.Build.0 = Debug|Any CPU
		{10ABC419-6E51-4545-B4E7-DFC0B867AB70}.Debug|x64.ActiveCfg = Debug|Any CPU
		{10ABC419-6E51-4545-B4E7-DFC0B867AB70}.Debug|x64.Build.0 = Debug|Any CPU
		{10ABC419-6E51-4545-B4E7-DFC0B867AB70}.Debug|x86.ActiveCfg = Debug|Any CPU
		{10ABC419-6E51-4545-B4E7-DFC0B867AB70}.Debug|x86.Build.0 = Debug|Any CPU
		{10ABC419-6E51-4545-B4E7-DFC0B867AB70}.Release|Any CPU.ActiveCfg = Release|Any CPU
		{10ABC419-6E51-4545-B4E7-DFC0B867AB70}.Release|Any CPU.Build.0 = Release|Any CPU
		{10ABC419-6E51-4545-B4E7-DFC0B867AB70}.Release|x64.ActiveCfg = Release|Any CPU
		{10ABC419-6E51-4545-B4E7-DFC0B867AB70}.Release|x64.Build.0 = Release|Any CPU
		{10ABC419-6E51-4545-B4E7-DFC0B867AB70}.Release|x86.ActiveCfg = Release|Any CPU
		{10ABC419-6E51-4545-B4E7-DFC0B867AB70}.Release|x86.Build.0 = Release|Any CPU
		{3B6EA78A-3B93-415C-8736-9686AC9B8F22}.Debug|Any CPU.ActiveCfg = Debug|Any CPU
		{3B6EA78A-3B93-415C-8736-9686AC9B8F22}.Debug|Any CPU.Build.0 = Debug|Any CPU
		{3B6EA78A-3B93-415C-8736-9686AC9B8F22}.Debug|x64.ActiveCfg = Debug|Any CPU
		{3B6EA78A-3B93-415C-8736-9686AC9B8F22}.Debug|x64.Build.0 = Debug|Any CPU
		{3B6EA78A-3B93-415C-8736-9686AC9B8F22}.Debug|x86.ActiveCfg = Debug|Any CPU
		{3B6EA78A-3B93-415C-8736-9686AC9B8F22}.Debug|x86.Build.0 = Debug|Any CPU
		{3B6EA78A-3B93-415C-8736-9686AC9B8F22}.Release|Any CPU.ActiveCfg = Release|Any CPU
		{3B6EA78A-3B93-415C-8736-9686AC9B8F22}.Release|Any CPU.Build.0 = Release|Any CPU
		{3B6EA78A-3B93-415C-8736-9686AC9B8F22}.Release|x64.ActiveCfg = Release|Any CPU
		{3B6EA78A-3B93-415C-8736-9686AC9B8F22}.Release|x64.Build.0 = Release|Any CPU
		{3B6EA78A-3B93-415C-8736-9686AC9B8F22}.Release|x86.ActiveCfg = Release|Any CPU
		{3B6EA78A-3B93-415C-8736-9686AC9B8F22}.Release|x86.Build.0 = Release|Any CPU
		{79C90E47-73F5-40F8-B3F5-25618582DB49}.Debug|Any CPU.ActiveCfg = Debug|Any CPU
		{79C90E47-73F5-40F8-B3F5-25618582DB49}.Debug|Any CPU.Build.0 = Debug|Any CPU
		{79C90E47-73F5-40F8-B3F5-25618582DB49}.Debug|x64.ActiveCfg = Debug|x64
		{79C90E47-73F5-40F8-B3F5-25618582DB49}.Debug|x64.Build.0 = Debug|x64
		{79C90E47-73F5-40F8-B3F5-25618582DB49}.Debug|x86.ActiveCfg = Debug|Any CPU
		{79C90E47-73F5-40F8-B3F5-25618582DB49}.Debug|x86.Build.0 = Debug|Any CPU
		{79C90E47-73F5-40F8-B3F5-25618582DB49}.Release|Any CPU.ActiveCfg = Release|Any CPU
		{79C90E47-73F5-40F8-B3F5-25618582DB49}.Release|Any CPU.Build.0 = Release|Any CPU
		{79C90E47-73F5-40F8-B3F5-25618582DB49}.Release|x64.ActiveCfg = Release|x64
		{79C90E47-73F5-40F8-B3F5-25618582DB49}.Release|x64.Build.0 = Release|x64
		{79C90E47-73F5-40F8-B3F5-25618582DB49}.Release|x86.ActiveCfg = Release|Any CPU
		{79C90E47-73F5-40F8-B3F5-25618582DB49}.Release|x86.Build.0 = Release|Any CPU
		{C3D8FAFD-7EB6-4D45-8BC3-736698823C4D}.Debug|Any CPU.ActiveCfg = Debug|Any CPU
		{C3D8FAFD-7EB6-4D45-8BC3-736698823C4D}.Debug|Any CPU.Build.0 = Debug|Any CPU
		{C3D8FAFD-7EB6-4D45-8BC3-736698823C4D}.Debug|x64.ActiveCfg = Debug|x64
		{C3D8FAFD-7EB6-4D45-8BC3-736698823C4D}.Debug|x64.Build.0 = Debug|x64
		{C3D8FAFD-7EB6-4D45-8BC3-736698823C4D}.Debug|x86.ActiveCfg = Debug|Any CPU
		{C3D8FAFD-7EB6-4D45-8BC3-736698823C4D}.Debug|x86.Build.0 = Debug|Any CPU
		{C3D8FAFD-7EB6-4D45-8BC3-736698823C4D}.Release|Any CPU.ActiveCfg = Release|Any CPU
		{C3D8FAFD-7EB6-4D45-8BC3-736698823C4D}.Release|Any CPU.Build.0 = Release|Any CPU
		{C3D8FAFD-7EB6-4D45-8BC3-736698823C4D}.Release|x64.ActiveCfg = Release|x64
		{C3D8FAFD-7EB6-4D45-8BC3-736698823C4D}.Release|x64.Build.0 = Release|x64
		{C3D8FAFD-7EB6-4D45-8BC3-736698823C4D}.Release|x86.ActiveCfg = Release|Any CPU
		{C3D8FAFD-7EB6-4D45-8BC3-736698823C4D}.Release|x86.Build.0 = Release|Any CPU
		{F46C6E84-0DF2-44DD-811B-FB225FA1CE7B}.Debug|Any CPU.ActiveCfg = Debug|Any CPU
		{F46C6E84-0DF2-44DD-811B-FB225FA1CE7B}.Debug|Any CPU.Build.0 = Debug|Any CPU
		{F46C6E84-0DF2-44DD-811B-FB225FA1CE7B}.Debug|x64.ActiveCfg = Debug|Any CPU
		{F46C6E84-0DF2-44DD-811B-FB225FA1CE7B}.Debug|x64.Build.0 = Debug|Any CPU
		{F46C6E84-0DF2-44DD-811B-FB225FA1CE7B}.Debug|x86.ActiveCfg = Debug|Any CPU
		{F46C6E84-0DF2-44DD-811B-FB225FA1CE7B}.Debug|x86.Build.0 = Debug|Any CPU
		{F46C6E84-0DF2-44DD-811B-FB225FA1CE7B}.Release|Any CPU.ActiveCfg = Release|Any CPU
		{F46C6E84-0DF2-44DD-811B-FB225FA1CE7B}.Release|Any CPU.Build.0 = Release|Any CPU
		{F46C6E84-0DF2-44DD-811B-FB225FA1CE7B}.Release|x64.ActiveCfg = Release|Any CPU
		{F46C6E84-0DF2-44DD-811B-FB225FA1CE7B}.Release|x64.Build.0 = Release|Any CPU
		{F46C6E84-0DF2-44DD-811B-FB225FA1CE7B}.Release|x86.ActiveCfg = Release|Any CPU
		{F46C6E84-0DF2-44DD-811B-FB225FA1CE7B}.Release|x86.Build.0 = Release|Any CPU
	EndGlobalSection
	GlobalSection(SolutionProperties) = preSolution
		HideSolutionNode = FALSE
	EndGlobalSection
	GlobalSection(ExtensibilityGlobals) = postSolution
		SolutionGuid = {810B65CB-4CBA-45FD-BF5B-B646ED57A99A}
	EndGlobalSection
EndGlobal
